
Microsoft Visual Studio Solution File, Format Version 12.00
# Visual Studio Version 17
VisualStudioVersion = 17.10.34825.169
MinimumVisualStudioVersion = 10.0.40219.1
Project("{FAE04EC0-301F-11D3-BF4B-00C04F79EFBC}") = "TOTITO", "TOTITO.csproj", "{66A1179B-CB25-4441-BE7F-76C5463F5949}"
EndProject
Project("{FAE04EC0-301F-11D3-BF4B-00C04F79EFBC}") = "DESCUENTO_COMPRAS", "..\DESCUENTO_COMPRAS\DESCUENTO_COMPRAS.csproj", "{5F43FC07-1FD1-4B19-805A-AE3A5F508AC0}"
EndProject
Project("{FAE04EC0-301F-11D3-BF4B-00C04F79EFBC}") = "LISTA DE TAREA", "..\LISTA DE TAREA\LISTA DE TAREA.csproj", "{EECC3DD9-160B-4528-9A75-EF2E51906C52}"
EndProject
Global
	GlobalSection(SolutionConfigurationPlatforms) = preSolution
		Debug|Any CPU = Debug|Any CPU
		Release|Any CPU = Release|Any CPU
	EndGlobalSection
	GlobalSection(ProjectConfigurationPlatforms) = postSolution
		{66A1179B-CB25-4441-BE7F-76C5463F5949}.Debug|Any CPU.ActiveCfg = Debug|Any CPU
		{66A1179B-CB25-4441-BE7F-76C5463F5949}.Debug|Any CPU.Build.0 = Debug|Any CPU
		{66A1179B-CB25-4441-BE7F-76C5463F5949}.Release|Any CPU.ActiveCfg = Release|Any CPU
		{66A1179B-CB25-4441-BE7F-76C5463F5949}.Release|Any CPU.Build.0 = Release|Any CPU
		{5F43FC07-1FD1-4B19-805A-AE3A5F508AC0}.Debug|Any CPU.ActiveCfg = Debug|Any CPU
		{5F43FC07-1FD1-4B19-805A-AE3A5F508AC0}.Debug|Any CPU.Build.0 = Debug|Any CPU
		{5F43FC07-1FD1-4B19-805A-AE3A5F508AC0}.Release|Any CPU.ActiveCfg = Release|Any CPU
		{5F43FC07-1FD1-4B19-805A-AE3A5F508AC0}.Release|Any CPU.Build.0 = Release|Any CPU
		{EECC3DD9-160B-4528-9A75-EF2E51906C52}.Debug|Any CPU.ActiveCfg = Debug|Any CPU
		{EECC3DD9-160B-4528-9A75-EF2E51906C52}.Debug|Any CPU.Build.0 = Debug|Any CPU
		{EECC3DD9-160B-4528-9A75-EF2E51906C52}.Release|Any CPU.ActiveCfg = Release|Any CPU
		{EECC3DD9-160B-4528-9A75-EF2E51906C52}.Release|Any CPU.Build.0 = Release|Any CPU
	EndGlobalSection
	GlobalSection(SolutionProperties) = preSolution
		HideSolutionNode = FALSE
	EndGlobalSection
	GlobalSection(ExtensibilityGlobals) = postSolution
		SolutionGuid = {FA3E233C-A599-4A99-B336-D9808A3FAD0B}
	EndGlobalSection
EndGlobal
